
Microsoft Visual Studio Solution File, Format Version 12.00
# Visual Studio Version 16
VisualStudioVersion = 16.0.32228.343
MinimumVisualStudioVersion = 10.0.40219.1
Project("{FAE04EC0-301F-11D3-BF4B-00C04F79EFBC}") = "EGT22_SOI", "EGT22_SOI\EGT22_SOI.csproj", "{C5311EBC-BC6B-42BC-9333-675501979A46}"
EndProject
Global
	GlobalSection(SolutionConfigurationPlatforms) = preSolution
		Debug|Any CPU = Debug|Any CPU
		Release|Any CPU = Release|Any CPU
	EndGlobalSection
	GlobalSection(ProjectConfigurationPlatforms) = postSolution
		{C5311EBC-BC6B-42BC-9333-675501979A46}.Debug|Any CPU.ActiveCfg = Debug|Any CPU
		{C5311EBC-BC6B-42BC-9333-675501979A46}.Debug|Any CPU.Build.0 = Debug|Any CPU
		{C5311EBC-BC6B-42BC-9333-675501979A46}.Release|Any CPU.ActiveCfg = Release|Any CPU
		{C5311EBC-BC6B-42BC-9333-675501979A46}.Release|Any CPU.Build.0 = Release|Any CPU
	EndGlobalSection
	GlobalSection(SolutionProperties) = preSolution
		HideSolutionNode = FALSE
	EndGlobalSection
	GlobalSection(ExtensibilityGlobals) = postSolution
		SolutionGuid = {34FB3EBC-FE4D-41E5-924B-37950A674071}
	EndGlobalSection
EndGlobal
